
Microsoft Visual Studio Solution File, Format Version 12.00
# Visual Studio Version 17
VisualStudioVersion = 17.4.33122.133
MinimumVisualStudioVersion = 10.0.40219.1
Project("{FAE04EC0-301F-11D3-BF4B-00C04F79EFBC}") = "CrossWord", "CrossWord\CrossWord.csproj", "{882643C4-0866-4EBD-925B-F737BED1346D}"
EndProject
Global
	GlobalSection(SolutionConfigurationPlatforms) = preSolution
		Debug|Any CPU = Debug|Any CPU
		Release|Any CPU = Release|Any CPU
	EndGlobalSection
	GlobalSection(ProjectConfigurationPlatforms) = postSolution
		{882643C4-0866-4EBD-925B-F737BED1346D}.Debug|Any CPU.ActiveCfg = Debug|Any CPU
		{882643C4-0866-4EBD-925B-F737BED1346D}.Debug|Any CPU.Build.0 = Debug|Any CPU
		{882643C4-0866-4EBD-925B-F737BED1346D}.Release|Any CPU.ActiveCfg = Release|Any CPU
		{882643C4-0866-4EBD-925B-F737BED1346D}.Release|Any CPU.Build.0 = Release|Any CPU
	EndGlobalSection
	GlobalSection(SolutionProperties) = preSolution
		HideSolutionNode = FALSE
	EndGlobalSection
	GlobalSection(ExtensibilityGlobals) = postSolution
		SolutionGuid = {925A1E95-9A38-4997-B8B4-36DB8CF89BEB}
	EndGlobalSection
EndGlobal
